// !$*UTF8*$!
{
	archiveVersion = 1;
	classes = {
	};
	objectVersion = 46;
	objects = {

/* Begin PBXBuildFile section */
		77CDAA571DD715C300B7E342 /* AppDelegate.m in Sources */ = {isa = PBXBuildFile; fileRef = 77CDAA561DD715C300B7E342 /* AppDelegate.m */; };
		77CDAA5A1DD715C300B7E342 /* main.m in Sources */ = {isa = PBXBuildFile; fileRef = 77CDAA591DD715C300B7E342 /* main.m */; };
		77CDAA711DD715FE00B7E342 /* art.scnassets in Resources */ = {isa = PBXBuildFile; fileRef = 77CDAA661DD715FE00B7E342 /* art.scnassets */; };
		77CDAA741DD715FE00B7E342 /* GameView.m in Sources */ = {isa = PBXBuildFile; fileRef = 77CDAA6C1DD715FE00B7E342 /* GameView.m */; };
		77CDAA751DD715FE00B7E342 /* GameViewController.m in Sources */ = {isa = PBXBuildFile; fileRef = 77CDAA6E1DD715FE00B7E342 /* GameViewController.m */; };
		77CDAA761DD715FE00B7E342 /* spider.obj in Resources */ = {isa = PBXBuildFile; fileRef = 77CDAA6F1DD715FE00B7E342 /* spider.obj */; };
		77CDAA771DD715FE00B7E342 /* SpiderTex.jpg in Resources */ = {isa = PBXBuildFile; fileRef = 77CDAA701DD715FE00B7E342 /* SpiderTex.jpg */; };
		77CDAA7A1DD716F100B7E342 /* MainMenu.xib in Resources */ = {isa = PBXBuildFile; fileRef = 77CDAA781DD716F100B7E342 /* MainMenu.xib */; };
		77CDAA7C1DD7172400B7E342 /* CocoaLumberjack.framework in Frameworks */ = {isa = PBXBuildFile; fileRef = 77CDAA7B1DD7172400B7E342 /* CocoaLumberjack.framework */; };
		77CDAA7D1DD7172400B7E342 /* CocoaLumberjack.framework in Embed Frameworks */ = {isa = PBXBuildFile; fileRef = 77CDAA7B1DD7172400B7E342 /* CocoaLumberjack.framework */; settings = {ATTRIBUTES = (CodeSignOnCopy, RemoveHeadersOnCopy, ); }; };
		77CDAABD1DD71A4F00B7E342 /* CocoaLumberjack.framework.dSYM in CopyFiles */ = {isa = PBXBuildFile; fileRef = 77CDAABC1DD71A4F00B7E342 /* CocoaLumberjack.framework.dSYM */; };
		77CDAACF1DD71EF600B7E342 /* AssimpImporter.h in Headers */ = {isa = PBXBuildFile; fileRef = 77CDAAC71DD71EF600B7E342 /* AssimpImporter.h */; };
		77CDAAD01DD71EF600B7E342 /* AssimpImporter.m in Sources */ = {isa = PBXBuildFile; fileRef = 77CDAAC81DD71EF600B7E342 /* AssimpImporter.m */; };
		77CDAAD11DD71EF600B7E342 /* SCNAssimpAnimation.h in Headers */ = {isa = PBXBuildFile; fileRef = 77CDAAC91DD71EF600B7E342 /* SCNAssimpAnimation.h */; };
		77CDAAD21DD71EF600B7E342 /* SCNAssimpAnimation.m in Sources */ = {isa = PBXBuildFile; fileRef = 77CDAACA1DD71EF600B7E342 /* SCNAssimpAnimation.m */; };
		77CDAAD31DD71EF600B7E342 /* SCNAssimpScene.h in Headers */ = {isa = PBXBuildFile; fileRef = 77CDAACB1DD71EF600B7E342 /* SCNAssimpScene.h */; };
		77CDAAD41DD71EF600B7E342 /* SCNAssimpScene.m in Sources */ = {isa = PBXBuildFile; fileRef = 77CDAACC1DD71EF600B7E342 /* SCNAssimpScene.m */; };
		77CDAAD51DD71EF600B7E342 /* SCNScene+AssimpImport.h in Headers */ = {isa = PBXBuildFile; fileRef = 77CDAACD1DD71EF600B7E342 /* SCNScene+AssimpImport.h */; };
		77CDAAD61DD71EF600B7E342 /* SCNScene+AssimpImport.m in Sources */ = {isa = PBXBuildFile; fileRef = 77CDAACE1DD71EF600B7E342 /* SCNScene+AssimpImport.m */; };
		77CDAADC1DD71F3000B7E342 /* libAssimpSceneKit.a in Frameworks */ = {isa = PBXBuildFile; fileRef = 77CDAA861DD717FD00B7E342 /* libAssimpSceneKit.a */; };
		77CDAADD1DD7258700B7E342 /* libassimp.a in Frameworks */ = {isa = PBXBuildFile; fileRef = 77CDAAC51DD71D0C00B7E342 /* libassimp.a */; };
		77CDAB1A1DD733E800B7E342 /* AssimpSceneKit_LogicTests.m in Sources */ = {isa = PBXBuildFile; fileRef = 77CDAB191DD733E800B7E342 /* AssimpSceneKit_LogicTests.m */; };
		77CDAB1C1DD733E800B7E342 /* libAssimpSceneKit.a in Frameworks */ = {isa = PBXBuildFile; fileRef = 77CDAA861DD717FD00B7E342 /* libAssimpSceneKit.a */; };
		77CDAB251DD7341000B7E342 /* AssimpImporterTests.m in Sources */ = {isa = PBXBuildFile; fileRef = 77CDAB221DD7341000B7E342 /* AssimpImporterTests.m */; };
		77CDAB261DD7341000B7E342 /* ModelLog.m in Sources */ = {isa = PBXBuildFile; fileRef = 77CDAB241DD7341000B7E342 /* ModelLog.m */; };
		77CDAB2A1DD7351B00B7E342 /* libassimp.a in Frameworks */ = {isa = PBXBuildFile; fileRef = 77CDAAC51DD71D0C00B7E342 /* libassimp.a */; };
/* End PBXBuildFile section */

/* Begin PBXContainerItemProxy section */
		77CDAABE1DD71B0300B7E342 /* PBXContainerItemProxy */ = {
			isa = PBXContainerItemProxy;
			containerPortal = 77CDAA4A1DD715C300B7E342 /* Project object */;
			proxyType = 1;
			remoteGlobalIDString = 77CDAA851DD717FD00B7E342;
			remoteInfo = AssimpSceneKit;
		};
		77CDAB1D1DD733E800B7E342 /* PBXContainerItemProxy */ = {
			isa = PBXContainerItemProxy;
			containerPortal = 77CDAA4A1DD715C300B7E342 /* Project object */;
			proxyType = 1;
			remoteGlobalIDString = 77CDAA851DD717FD00B7E342;
			remoteInfo = AssimpSceneKit;
		};
/* End PBXContainerItemProxy section */

/* Begin PBXCopyFilesBuildPhase section */
		77CDAA7E1DD7172400B7E342 /* Embed Frameworks */ = {
			isa = PBXCopyFilesBuildPhase;
			buildActionMask = 2147483647;
			dstPath = "";
			dstSubfolderSpec = 10;
			files = (
				77CDAA7D1DD7172400B7E342 /* CocoaLumberjack.framework in Embed Frameworks */,
			);
			name = "Embed Frameworks";
			runOnlyForDeploymentPostprocessing = 0;
		};
		77CDAABB1DD71A3200B7E342 /* CopyFiles */ = {
			isa = PBXCopyFilesBuildPhase;
			buildActionMask = 2147483647;
			dstPath = "";
			dstSubfolderSpec = 16;
			files = (
				77CDAABD1DD71A4F00B7E342 /* CocoaLumberjack.framework.dSYM in CopyFiles */,
			);
			runOnlyForDeploymentPostprocessing = 0;
		};
/* End PBXCopyFilesBuildPhase section */

/* Begin PBXFileReference section */
		77CDAA521DD715C300B7E342 /* OSX-Example.app */ = {isa = PBXFileReference; explicitFileType = wrapper.application; includeInIndex = 0; path = "OSX-Example.app"; sourceTree = BUILT_PRODUCTS_DIR; };
		77CDAA551DD715C300B7E342 /* AppDelegate.h */ = {isa = PBXFileReference; lastKnownFileType = sourcecode.c.h; path = AppDelegate.h; sourceTree = "<group>"; };
		77CDAA561DD715C300B7E342 /* AppDelegate.m */ = {isa = PBXFileReference; lastKnownFileType = sourcecode.c.objc; path = AppDelegate.m; sourceTree = "<group>"; };
		77CDAA591DD715C300B7E342 /* main.m */ = {isa = PBXFileReference; lastKnownFileType = sourcecode.c.objc; path = main.m; sourceTree = "<group>"; };
		77CDAA601DD715C300B7E342 /* Info.plist */ = {isa = PBXFileReference; lastKnownFileType = text.plist.xml; path = Info.plist; sourceTree = "<group>"; };
		77CDAA661DD715FE00B7E342 /* art.scnassets */ = {isa = PBXFileReference; lastKnownFileType = wrapper.scnassets; path = art.scnassets; sourceTree = "<group>"; };
		77CDAA6B1DD715FE00B7E342 /* GameView.h */ = {isa = PBXFileReference; fileEncoding = 4; lastKnownFileType = sourcecode.c.h; path = GameView.h; sourceTree = "<group>"; };
		77CDAA6C1DD715FE00B7E342 /* GameView.m */ = {isa = PBXFileReference; fileEncoding = 4; lastKnownFileType = sourcecode.c.objc; path = GameView.m; sourceTree = "<group>"; };
		77CDAA6D1DD715FE00B7E342 /* GameViewController.h */ = {isa = PBXFileReference; fileEncoding = 4; lastKnownFileType = sourcecode.c.h; path = GameViewController.h; sourceTree = "<group>"; };
		77CDAA6E1DD715FE00B7E342 /* GameViewController.m */ = {isa = PBXFileReference; fileEncoding = 4; lastKnownFileType = sourcecode.c.objc; path = GameViewController.m; sourceTree = "<group>"; };
		77CDAA6F1DD715FE00B7E342 /* spider.obj */ = {isa = PBXFileReference; fileEncoding = 4; lastKnownFileType = text; path = spider.obj; sourceTree = "<group>"; };
		77CDAA701DD715FE00B7E342 /* SpiderTex.jpg */ = {isa = PBXFileReference; lastKnownFileType = image.jpeg; path = SpiderTex.jpg; sourceTree = "<group>"; };
		77CDAA791DD716F100B7E342 /* Base */ = {isa = PBXFileReference; lastKnownFileType = file.xib; name = Base; path = Base.lproj/MainMenu.xib; sourceTree = "<group>"; };
		77CDAA7B1DD7172400B7E342 /* CocoaLumberjack.framework */ = {isa = PBXFileReference; lastKnownFileType = wrapper.framework; name = CocoaLumberjack.framework; path = ../Carthage/Build/Mac/CocoaLumberjack.framework; sourceTree = "<group>"; };
		77CDAA801DD7172F00B7E342 /* libassimp.a */ = {isa = PBXFileReference; lastKnownFileType = archive.ar; name = libassimp.a; path = ../Assimp/lib/osx/libassimp.a; sourceTree = "<group>"; };
		77CDAA861DD717FD00B7E342 /* libAssimpSceneKit.a */ = {isa = PBXFileReference; explicitFileType = archive.ar; includeInIndex = 0; path = libAssimpSceneKit.a; sourceTree = BUILT_PRODUCTS_DIR; };
		77CDAABC1DD71A4F00B7E342 /* CocoaLumberjack.framework.dSYM */ = {isa = PBXFileReference; lastKnownFileType = wrapper.dsym; name = CocoaLumberjack.framework.dSYM; path = ../Carthage/Build/Mac/CocoaLumberjack.framework.dSYM; sourceTree = "<group>"; };
		77CDAAC51DD71D0C00B7E342 /* libassimp.a */ = {isa = PBXFileReference; lastKnownFileType = archive.ar; name = libassimp.a; path = ../Assimp/lib/osx/libassimp.a; sourceTree = "<group>"; };
		77CDAAC71DD71EF600B7E342 /* AssimpImporter.h */ = {isa = PBXFileReference; fileEncoding = 4; lastKnownFileType = sourcecode.c.h; name = AssimpImporter.h; path = ../../Code/Model/AssimpImporter.h; sourceTree = "<group>"; };
		77CDAAC81DD71EF600B7E342 /* AssimpImporter.m */ = {isa = PBXFileReference; fileEncoding = 4; lastKnownFileType = sourcecode.c.objc; name = AssimpImporter.m; path = ../../Code/Model/AssimpImporter.m; sourceTree = "<group>"; };
		77CDAAC91DD71EF600B7E342 /* SCNAssimpAnimation.h */ = {isa = PBXFileReference; fileEncoding = 4; lastKnownFileType = sourcecode.c.h; name = SCNAssimpAnimation.h; path = ../../Code/Model/SCNAssimpAnimation.h; sourceTree = "<group>"; };
		77CDAACA1DD71EF600B7E342 /* SCNAssimpAnimation.m */ = {isa = PBXFileReference; fileEncoding = 4; lastKnownFileType = sourcecode.c.objc; name = SCNAssimpAnimation.m; path = ../../Code/Model/SCNAssimpAnimation.m; sourceTree = "<group>"; };
		77CDAACB1DD71EF600B7E342 /* SCNAssimpScene.h */ = {isa = PBXFileReference; fileEncoding = 4; lastKnownFileType = sourcecode.c.h; name = SCNAssimpScene.h; path = ../../Code/Model/SCNAssimpScene.h; sourceTree = "<group>"; };
		77CDAACC1DD71EF600B7E342 /* SCNAssimpScene.m */ = {isa = PBXFileReference; fileEncoding = 4; lastKnownFileType = sourcecode.c.objc; name = SCNAssimpScene.m; path = ../../Code/Model/SCNAssimpScene.m; sourceTree = "<group>"; };
		77CDAACD1DD71EF600B7E342 /* SCNScene+AssimpImport.h */ = {isa = PBXFileReference; fileEncoding = 4; lastKnownFileType = sourcecode.c.h; name = "SCNScene+AssimpImport.h"; path = "../../Code/Model/SCNScene+AssimpImport.h"; sourceTree = "<group>"; };
		77CDAACE1DD71EF600B7E342 /* SCNScene+AssimpImport.m */ = {isa = PBXFileReference; fileEncoding = 4; lastKnownFileType = sourcecode.c.objc; name = "SCNScene+AssimpImport.m"; path = "../../Code/Model/SCNScene+AssimpImport.m"; sourceTree = "<group>"; };
		77CDAB171DD733E800B7E342 /* AssimpSceneKit_LogicTests.xctest */ = {isa = PBXFileReference; explicitFileType = wrapper.cfbundle; includeInIndex = 0; path = AssimpSceneKit_LogicTests.xctest; sourceTree = BUILT_PRODUCTS_DIR; };
		77CDAB191DD733E800B7E342 /* AssimpSceneKit_LogicTests.m */ = {isa = PBXFileReference; lastKnownFileType = sourcecode.c.objc; path = AssimpSceneKit_LogicTests.m; sourceTree = "<group>"; };
		77CDAB1B1DD733E800B7E342 /* Info.plist */ = {isa = PBXFileReference; lastKnownFileType = text.plist.xml; path = Info.plist; sourceTree = "<group>"; };
		77CDAB221DD7341000B7E342 /* AssimpImporterTests.m */ = {isa = PBXFileReference; fileEncoding = 4; lastKnownFileType = sourcecode.c.objc; name = AssimpImporterTests.m; path = ../../Code/Model/Tests/AssimpImporterTests.m; sourceTree = "<group>"; };
		77CDAB231DD7341000B7E342 /* ModelLog.h */ = {isa = PBXFileReference; fileEncoding = 4; lastKnownFileType = sourcecode.c.h; name = ModelLog.h; path = ../../Code/Model/Tests/ModelLog.h; sourceTree = "<group>"; };
		77CDAB241DD7341000B7E342 /* ModelLog.m */ = {isa = PBXFileReference; fileEncoding = 4; lastKnownFileType = sourcecode.c.objc; name = ModelLog.m; path = ../../Code/Model/Tests/ModelLog.m; sourceTree = "<group>"; };
/* End PBXFileReference section */

/* Begin PBXFrameworksBuildPhase section */
		77CDAA4F1DD715C300B7E342 /* Frameworks */ = {
			isa = PBXFrameworksBuildPhase;
			buildActionMask = 2147483647;
			files = (
				77CDAA7C1DD7172400B7E342 /* CocoaLumberjack.framework in Frameworks */,
				77CDAADC1DD71F3000B7E342 /* libAssimpSceneKit.a in Frameworks */,
				77CDAADD1DD7258700B7E342 /* libassimp.a in Frameworks */,
			);
			runOnlyForDeploymentPostprocessing = 0;
		};
		77CDAA831DD717FD00B7E342 /* Frameworks */ = {
			isa = PBXFrameworksBuildPhase;
			buildActionMask = 2147483647;
			files = (
			);
			runOnlyForDeploymentPostprocessing = 0;
		};
		77CDAB141DD733E800B7E342 /* Frameworks */ = {
			isa = PBXFrameworksBuildPhase;
			buildActionMask = 2147483647;
			files = (
				77CDAB1C1DD733E800B7E342 /* libAssimpSceneKit.a in Frameworks */,
				77CDAB2A1DD7351B00B7E342 /* libassimp.a in Frameworks */,
			);
			runOnlyForDeploymentPostprocessing = 0;
		};
/* End PBXFrameworksBuildPhase section */

/* Begin PBXGroup section */
		77CDAA491DD715C300B7E342 = {
			isa = PBXGroup;
			children = (
				77CDAAC51DD71D0C00B7E342 /* libassimp.a */,
				77CDAABC1DD71A4F00B7E342 /* CocoaLumberjack.framework.dSYM */,
				77CDAA7B1DD7172400B7E342 /* CocoaLumberjack.framework */,
				77CDAA541DD715C300B7E342 /* OSX-Example */,
				77CDAA871DD717FD00B7E342 /* AssimpSceneKit */,
				77CDAB181DD733E800B7E342 /* AssimpSceneKit_LogicTests */,
				77CDAA531DD715C300B7E342 /* Products */,
				77CDAA7F1DD7172F00B7E342 /* Frameworks */,
			);
			sourceTree = "<group>";
		};
		77CDAA531DD715C300B7E342 /* Products */ = {
			isa = PBXGroup;
			children = (
				77CDAA521DD715C300B7E342 /* OSX-Example.app */,
				77CDAA861DD717FD00B7E342 /* libAssimpSceneKit.a */,
				77CDAB171DD733E800B7E342 /* AssimpSceneKit_LogicTests.xctest */,
			);
			name = Products;
			sourceTree = "<group>";
		};
		77CDAA541DD715C300B7E342 /* OSX-Example */ = {
			isa = PBXGroup;
			children = (
				77CDAA781DD716F100B7E342 /* MainMenu.xib */,
				77CDAA661DD715FE00B7E342 /* art.scnassets */,
				77CDAA6B1DD715FE00B7E342 /* GameView.h */,
				77CDAA6C1DD715FE00B7E342 /* GameView.m */,
				77CDAA6D1DD715FE00B7E342 /* GameViewController.h */,
				77CDAA6E1DD715FE00B7E342 /* GameViewController.m */,
				77CDAA6F1DD715FE00B7E342 /* spider.obj */,
				77CDAA701DD715FE00B7E342 /* SpiderTex.jpg */,
				77CDAA551DD715C300B7E342 /* AppDelegate.h */,
				77CDAA561DD715C300B7E342 /* AppDelegate.m */,
				77CDAA601DD715C300B7E342 /* Info.plist */,
				77CDAA581DD715C300B7E342 /* Supporting Files */,
			);
			path = "OSX-Example";
			sourceTree = "<group>";
		};
		77CDAA581DD715C300B7E342 /* Supporting Files */ = {
			isa = PBXGroup;
			children = (
				77CDAA591DD715C300B7E342 /* main.m */,
			);
			name = "Supporting Files";
			sourceTree = "<group>";
		};
		77CDAA7F1DD7172F00B7E342 /* Frameworks */ = {
			isa = PBXGroup;
			children = (
				77CDAA801DD7172F00B7E342 /* libassimp.a */,
			);
			name = Frameworks;
			sourceTree = "<group>";
		};
		77CDAA871DD717FD00B7E342 /* AssimpSceneKit */ = {
			isa = PBXGroup;
			children = (
				77CDAAC71DD71EF600B7E342 /* AssimpImporter.h */,
				77CDAAC81DD71EF600B7E342 /* AssimpImporter.m */,
				77CDAAC91DD71EF600B7E342 /* SCNAssimpAnimation.h */,
				77CDAACA1DD71EF600B7E342 /* SCNAssimpAnimation.m */,
				77CDAACB1DD71EF600B7E342 /* SCNAssimpScene.h */,
				77CDAACC1DD71EF600B7E342 /* SCNAssimpScene.m */,
				77CDAACD1DD71EF600B7E342 /* SCNScene+AssimpImport.h */,
				77CDAACE1DD71EF600B7E342 /* SCNScene+AssimpImport.m */,
			);
			path = AssimpSceneKit;
			sourceTree = "<group>";
		};
		77CDAB181DD733E800B7E342 /* AssimpSceneKit_LogicTests */ = {
			isa = PBXGroup;
			children = (
				77CDAB221DD7341000B7E342 /* AssimpImporterTests.m */,
				77CDAB231DD7341000B7E342 /* ModelLog.h */,
				77CDAB241DD7341000B7E342 /* ModelLog.m */,
				77CDAB191DD733E800B7E342 /* AssimpSceneKit_LogicTests.m */,
				77CDAB1B1DD733E800B7E342 /* Info.plist */,
			);
			path = AssimpSceneKit_LogicTests;
			sourceTree = "<group>";
		};
/* End PBXGroup section */

/* Begin PBXHeadersBuildPhase section */
		77CDAA841DD717FD00B7E342 /* Headers */ = {
			isa = PBXHeadersBuildPhase;
			buildActionMask = 2147483647;
			files = (
				77CDAACF1DD71EF600B7E342 /* AssimpImporter.h in Headers */,
				77CDAAD11DD71EF600B7E342 /* SCNAssimpAnimation.h in Headers */,
				77CDAAD31DD71EF600B7E342 /* SCNAssimpScene.h in Headers */,
				77CDAAD51DD71EF600B7E342 /* SCNScene+AssimpImport.h in Headers */,
			);
			runOnlyForDeploymentPostprocessing = 0;
		};
/* End PBXHeadersBuildPhase section */

/* Begin PBXNativeTarget section */
		77CDAA511DD715C300B7E342 /* OSX-Example */ = {
			isa = PBXNativeTarget;
			buildConfigurationList = 77CDAA631DD715C300B7E342 /* Build configuration list for PBXNativeTarget "OSX-Example" */;
			buildPhases = (
				77CDAA4E1DD715C300B7E342 /* Sources */,
				77CDAA4F1DD715C300B7E342 /* Frameworks */,
				77CDAA501DD715C300B7E342 /* Resources */,
				77CDAA7E1DD7172400B7E342 /* Embed Frameworks */,
				77CDAABB1DD71A3200B7E342 /* CopyFiles */,
			);
			buildRules = (
			);
			dependencies = (
				77CDAABF1DD71B0300B7E342 /* PBXTargetDependency */,
			);
			name = "OSX-Example";
			productName = "OSX-Example";
			productReference = 77CDAA521DD715C300B7E342 /* OSX-Example.app */;
			productType = "com.apple.product-type.application";
		};
		77CDAA851DD717FD00B7E342 /* AssimpSceneKit */ = {
			isa = PBXNativeTarget;
			buildConfigurationList = 77CDAA8C1DD717FE00B7E342 /* Build configuration list for PBXNativeTarget "AssimpSceneKit" */;
			buildPhases = (
				77CDAA821DD717FD00B7E342 /* Sources */,
				77CDAA831DD717FD00B7E342 /* Frameworks */,
				77CDAA841DD717FD00B7E342 /* Headers */,
			);
			buildRules = (
			);
			dependencies = (
			);
			name = AssimpSceneKit;
			productName = AssimpSceneKit;
			productReference = 77CDAA861DD717FD00B7E342 /* libAssimpSceneKit.a */;
			productType = "com.apple.product-type.library.static";
		};
		77CDAB161DD733E800B7E342 /* AssimpSceneKit_LogicTests */ = {
			isa = PBXNativeTarget;
			buildConfigurationList = 77CDAB1F1DD733E800B7E342 /* Build configuration list for PBXNativeTarget "AssimpSceneKit_LogicTests" */;
			buildPhases = (
				77CDAB131DD733E800B7E342 /* Sources */,
				77CDAB141DD733E800B7E342 /* Frameworks */,
				77CDAB151DD733E800B7E342 /* Resources */,
			);
			buildRules = (
			);
			dependencies = (
				77CDAB1E1DD733E800B7E342 /* PBXTargetDependency */,
			);
			name = AssimpSceneKit_LogicTests;
			productName = AssimpSceneKit_LogicTests;
			productReference = 77CDAB171DD733E800B7E342 /* AssimpSceneKit_LogicTests.xctest */;
			productType = "com.apple.product-type.bundle.unit-test";
		};
/* End PBXNativeTarget section */

/* Begin PBXProject section */
		77CDAA4A1DD715C300B7E342 /* Project object */ = {
			isa = PBXProject;
			attributes = {
				LastUpgradeCheck = 0810;
				ORGANIZATIONNAME = "Ison Apps";
				TargetAttributes = {
					77CDAA511DD715C300B7E342 = {
						CreatedOnToolsVersion = 8.1;
						DevelopmentTeam = PRJ5CHFB5D;
						ProvisioningStyle = Automatic;
					};
					77CDAA851DD717FD00B7E342 = {
						CreatedOnToolsVersion = 8.1;
						DevelopmentTeam = PRJ5CHFB5D;
						ProvisioningStyle = Automatic;
					};
					77CDAB161DD733E800B7E342 = {
						CreatedOnToolsVersion = 8.1;
						DevelopmentTeam = PRJ5CHFB5D;
						ProvisioningStyle = Automatic;
					};
				};
			};
			buildConfigurationList = 77CDAA4D1DD715C300B7E342 /* Build configuration list for PBXProject "OSX-Example" */;
			compatibilityVersion = "Xcode 3.2";
			developmentRegion = English;
			hasScannedForEncodings = 0;
			knownRegions = (
				en,
				Base,
			);
			mainGroup = 77CDAA491DD715C300B7E342;
			productRefGroup = 77CDAA531DD715C300B7E342 /* Products */;
			projectDirPath = "";
			projectRoot = "";
			targets = (
				77CDAA511DD715C300B7E342 /* OSX-Example */,
				77CDAA851DD717FD00B7E342 /* AssimpSceneKit */,
				77CDAB161DD733E800B7E342 /* AssimpSceneKit_LogicTests */,
			);
		};
/* End PBXProject section */

/* Begin PBXResourcesBuildPhase section */
		77CDAA501DD715C300B7E342 /* Resources */ = {
			isa = PBXResourcesBuildPhase;
			buildActionMask = 2147483647;
			files = (
				77CDAA771DD715FE00B7E342 /* SpiderTex.jpg in Resources */,
				77CDAA761DD715FE00B7E342 /* spider.obj in Resources */,
				77CDAA711DD715FE00B7E342 /* art.scnassets in Resources */,
				77CDAA7A1DD716F100B7E342 /* MainMenu.xib in Resources */,
			);
			runOnlyForDeploymentPostprocessing = 0;
		};
		77CDAB151DD733E800B7E342 /* Resources */ = {
			isa = PBXResourcesBuildPhase;
			buildActionMask = 2147483647;
			files = (
			);
			runOnlyForDeploymentPostprocessing = 0;
		};
/* End PBXResourcesBuildPhase section */

/* Begin PBXSourcesBuildPhase section */
		77CDAA4E1DD715C300B7E342 /* Sources */ = {
			isa = PBXSourcesBuildPhase;
			buildActionMask = 2147483647;
			files = (
				77CDAA751DD715FE00B7E342 /* GameViewController.m in Sources */,
				77CDAA741DD715FE00B7E342 /* GameView.m in Sources */,
				77CDAA5A1DD715C300B7E342 /* main.m in Sources */,
				77CDAA571DD715C300B7E342 /* AppDelegate.m in Sources */,
			);
			runOnlyForDeploymentPostprocessing = 0;
		};
		77CDAA821DD717FD00B7E342 /* Sources */ = {
			isa = PBXSourcesBuildPhase;
			buildActionMask = 2147483647;
			files = (
				77CDAAD41DD71EF600B7E342 /* SCNAssimpScene.m in Sources */,
				77CDAAD21DD71EF600B7E342 /* SCNAssimpAnimation.m in Sources */,
				77CDAAD01DD71EF600B7E342 /* AssimpImporter.m in Sources */,
				77CDAAD61DD71EF600B7E342 /* SCNScene+AssimpImport.m in Sources */,
			);
			runOnlyForDeploymentPostprocessing = 0;
		};
		77CDAB131DD733E800B7E342 /* Sources */ = {
			isa = PBXSourcesBuildPhase;
			buildActionMask = 2147483647;
			files = (
				77CDAB261DD7341000B7E342 /* ModelLog.m in Sources */,
				77CDAB251DD7341000B7E342 /* AssimpImporterTests.m in Sources */,
				77CDAB1A1DD733E800B7E342 /* AssimpSceneKit_LogicTests.m in Sources */,
			);
			runOnlyForDeploymentPostprocessing = 0;
		};
/* End PBXSourcesBuildPhase section */

/* Begin PBXTargetDependency section */
		77CDAABF1DD71B0300B7E342 /* PBXTargetDependency */ = {
			isa = PBXTargetDependency;
			target = 77CDAA851DD717FD00B7E342 /* AssimpSceneKit */;
			targetProxy = 77CDAABE1DD71B0300B7E342 /* PBXContainerItemProxy */;
		};
		77CDAB1E1DD733E800B7E342 /* PBXTargetDependency */ = {
			isa = PBXTargetDependency;
			target = 77CDAA851DD717FD00B7E342 /* AssimpSceneKit */;
			targetProxy = 77CDAB1D1DD733E800B7E342 /* PBXContainerItemProxy */;
		};
/* End PBXTargetDependency section */

/* Begin PBXVariantGroup section */
		77CDAA781DD716F100B7E342 /* MainMenu.xib */ = {
			isa = PBXVariantGroup;
			children = (
				77CDAA791DD716F100B7E342 /* Base */,
			);
			name = MainMenu.xib;
			sourceTree = "<group>";
		};
/* End PBXVariantGroup section */

/* Begin XCBuildConfiguration section */
		77CDAA611DD715C300B7E342 /* Debug */ = {
			isa = XCBuildConfiguration;
			buildSettings = {
				ALWAYS_SEARCH_USER_PATHS = NO;
				CLANG_ANALYZER_NONNULL = YES;
				CLANG_CXX_LANGUAGE_STANDARD = "gnu++0x";
				CLANG_CXX_LIBRARY = "libc++";
				CLANG_ENABLE_MODULES = YES;
				CLANG_ENABLE_OBJC_ARC = YES;
				CLANG_WARN_BOOL_CONVERSION = YES;
				CLANG_WARN_CONSTANT_CONVERSION = YES;
				CLANG_WARN_DIRECT_OBJC_ISA_USAGE = YES_ERROR;
				CLANG_WARN_DOCUMENTATION_COMMENTS = YES;
				CLANG_WARN_EMPTY_BODY = YES;
				CLANG_WARN_ENUM_CONVERSION = YES;
				CLANG_WARN_INFINITE_RECURSION = YES;
				CLANG_WARN_INT_CONVERSION = YES;
				CLANG_WARN_OBJC_ROOT_CLASS = YES_ERROR;
				CLANG_WARN_SUSPICIOUS_MOVES = YES;
				CLANG_WARN_UNREACHABLE_CODE = YES;
				CLANG_WARN__DUPLICATE_METHOD_MATCH = YES;
				CODE_SIGN_IDENTITY = "-";
				COPY_PHASE_STRIP = NO;
				DEBUG_INFORMATION_FORMAT = dwarf;
				ENABLE_STRICT_OBJC_MSGSEND = YES;
				ENABLE_TESTABILITY = YES;
				GCC_C_LANGUAGE_STANDARD = gnu99;
				GCC_DYNAMIC_NO_PIC = NO;
				GCC_NO_COMMON_BLOCKS = YES;
				GCC_OPTIMIZATION_LEVEL = 0;
				GCC_PREPROCESSOR_DEFINITIONS = (
					"DEBUG=1",
					"$(inherited)",
				);
				GCC_WARN_64_TO_32_BIT_CONVERSION = YES;
				GCC_WARN_ABOUT_RETURN_TYPE = YES_ERROR;
				GCC_WARN_UNDECLARED_SELECTOR = YES;
				GCC_WARN_UNINITIALIZED_AUTOS = YES_AGGRESSIVE;
				GCC_WARN_UNUSED_FUNCTION = YES;
				GCC_WARN_UNUSED_VARIABLE = YES;
				MACOSX_DEPLOYMENT_TARGET = 10.11;
				MTL_ENABLE_DEBUG_INFO = YES;
				ONLY_ACTIVE_ARCH = YES;
				SDKROOT = macosx;
			};
			name = Debug;
		};
		77CDAA621DD715C300B7E342 /* Release */ = {
			isa = XCBuildConfiguration;
			buildSettings = {
				ALWAYS_SEARCH_USER_PATHS = NO;
				CLANG_ANALYZER_NONNULL = YES;
				CLANG_CXX_LANGUAGE_STANDARD = "gnu++0x";
				CLANG_CXX_LIBRARY = "libc++";
				CLANG_ENABLE_MODULES = YES;
				CLANG_ENABLE_OBJC_ARC = YES;
				CLANG_WARN_BOOL_CONVERSION = YES;
				CLANG_WARN_CONSTANT_CONVERSION = YES;
				CLANG_WARN_DIRECT_OBJC_ISA_USAGE = YES_ERROR;
				CLANG_WARN_DOCUMENTATION_COMMENTS = YES;
				CLANG_WARN_EMPTY_BODY = YES;
				CLANG_WARN_ENUM_CONVERSION = YES;
				CLANG_WARN_INFINITE_RECURSION = YES;
				CLANG_WARN_INT_CONVERSION = YES;
				CLANG_WARN_OBJC_ROOT_CLASS = YES_ERROR;
				CLANG_WARN_SUSPICIOUS_MOVES = YES;
				CLANG_WARN_UNREACHABLE_CODE = YES;
				CLANG_WARN__DUPLICATE_METHOD_MATCH = YES;
				CODE_SIGN_IDENTITY = "-";
				COPY_PHASE_STRIP = NO;
				DEBUG_INFORMATION_FORMAT = "dwarf-with-dsym";
				ENABLE_NS_ASSERTIONS = NO;
				ENABLE_STRICT_OBJC_MSGSEND = YES;
				GCC_C_LANGUAGE_STANDARD = gnu99;
				GCC_NO_COMMON_BLOCKS = YES;
				GCC_WARN_64_TO_32_BIT_CONVERSION = YES;
				GCC_WARN_ABOUT_RETURN_TYPE = YES_ERROR;
				GCC_WARN_UNDECLARED_SELECTOR = YES;
				GCC_WARN_UNINITIALIZED_AUTOS = YES_AGGRESSIVE;
				GCC_WARN_UNUSED_FUNCTION = YES;
				GCC_WARN_UNUSED_VARIABLE = YES;
				MACOSX_DEPLOYMENT_TARGET = 10.11;
				MTL_ENABLE_DEBUG_INFO = NO;
				SDKROOT = macosx;
			};
			name = Release;
		};
		77CDAA641DD715C300B7E342 /* Debug */ = {
			isa = XCBuildConfiguration;
			buildSettings = {
				COMBINE_HIDPI_IMAGES = YES;
				DEVELOPMENT_TEAM = PRJ5CHFB5D;
				FRAMEWORK_SEARCH_PATHS = (
					"$(PROJECT_DIR)/../Carthage/Build/Mac",
					"$(DEVELOPER_DIR)/Library/Frameworks",
				);
				INFOPLIST_FILE = "OSX-Example/Info.plist";
				LD_RUNPATH_SEARCH_PATHS = "$(inherited) @executable_path/../Frameworks";
				LIBRARY_SEARCH_PATHS = "$(PROJECT_DIR)/../Assimp/lib/osx";
				OTHER_LDFLAGS = (
					"-ObjC",
					"-all_load",
					"-lz",
					"-lstdc++",
				);
				PRODUCT_BUNDLE_IDENTIFIER = "com.isonapps.OSX-Example";
				PRODUCT_NAME = "$(TARGET_NAME)";
				USER_HEADER_SEARCH_PATHS = "$(PROJECT_DIR)/../Assimp/include";
			};
			name = Debug;
		};
		77CDAA651DD715C300B7E342 /* Release */ = {
			isa = XCBuildConfiguration;
			buildSettings = {
				COMBINE_HIDPI_IMAGES = YES;
				DEVELOPMENT_TEAM = PRJ5CHFB5D;
				FRAMEWORK_SEARCH_PATHS = (
					"$(PROJECT_DIR)/../Carthage/Build/Mac",
					"$(DEVELOPER_DIR)/Library/Frameworks",
				);
				INFOPLIST_FILE = "OSX-Example/Info.plist";
				LD_RUNPATH_SEARCH_PATHS = "$(inherited) @executable_path/../Frameworks";
				LIBRARY_SEARCH_PATHS = "$(PROJECT_DIR)/../Assimp/lib/osx";
				OTHER_LDFLAGS = (
					"-ObjC",
					"-all_load",
					"-lz",
					"-lstdc++",
				);
				PRODUCT_BUNDLE_IDENTIFIER = "com.isonapps.OSX-Example";
				PRODUCT_NAME = "$(TARGET_NAME)";
				USER_HEADER_SEARCH_PATHS = "$(PROJECT_DIR)/../Assimp/include";
			};
			name = Release;
		};
		77CDAA8D1DD717FE00B7E342 /* Debug */ = {
			isa = XCBuildConfiguration;
			buildSettings = {
				DEVELOPMENT_TEAM = PRJ5CHFB5D;
				EXECUTABLE_PREFIX = lib;
				FRAMEWORK_SEARCH_PATHS = "";
				HEADER_SEARCH_PATHS = "";
				LIBRARY_SEARCH_PATHS = "$(PROJECT_DIR)/../Assimp/lib/osx";
				OTHER_LDFLAGS = "";
				PRODUCT_NAME = "$(TARGET_NAME)";
				USER_HEADER_SEARCH_PATHS = "$(PROJECT_DIR)/../Assimp/include";
			};
			name = Debug;
		};
		77CDAA8E1DD717FE00B7E342 /* Release */ = {
			isa = XCBuildConfiguration;
			buildSettings = {
				DEVELOPMENT_TEAM = PRJ5CHFB5D;
				EXECUTABLE_PREFIX = lib;
				FRAMEWORK_SEARCH_PATHS = "";
				HEADER_SEARCH_PATHS = "";
				LIBRARY_SEARCH_PATHS = "$(PROJECT_DIR)/../Assimp/lib/osx";
				OTHER_LDFLAGS = "";
				PRODUCT_NAME = "$(TARGET_NAME)";
				USER_HEADER_SEARCH_PATHS = "$(PROJECT_DIR)/../Assimp/include";
			};
			name = Release;
		};
		77CDAB201DD733E800B7E342 /* Debug */ = {
			isa = XCBuildConfiguration;
			buildSettings = {
				COMBINE_HIDPI_IMAGES = YES;
				DEVELOPMENT_TEAM = PRJ5CHFB5D;
				FRAMEWORK_SEARCH_PATHS = "";
				GCC_PREPROCESSOR_DEFINITIONS = (
					"DEBUG=1",
					"$(inherited)",
					"TEST_ASSETS_PATH=@\\\"$(PROJECT_DIR)/../assets\\\"",
				);
				INFOPLIST_FILE = AssimpSceneKit_LogicTests/Info.plist;
				LD_RUNPATH_SEARCH_PATHS = "$(inherited) @executable_path/../Frameworks @loader_path/../Frameworks";
				LIBRARY_SEARCH_PATHS = "$(PROJECT_DIR)/../Assimp/lib/osx";
				OTHER_LDFLAGS = (
					"-lz",
					"-lstdc++",
				);
				PRODUCT_BUNDLE_IDENTIFIER = "com.isonapps.AssimpSceneKit-LogicTests";
				PRODUCT_NAME = "$(TARGET_NAME)";
				USER_HEADER_SEARCH_PATHS = "$(PROJECT_DIR)/../Assimp/include";
			};
			name = Debug;
		};
		77CDAB211DD733E800B7E342 /* Release */ = {
			isa = XCBuildConfiguration;
			buildSettings = {
				COMBINE_HIDPI_IMAGES = YES;
				DEVELOPMENT_TEAM = PRJ5CHFB5D;
				FRAMEWORK_SEARCH_PATHS = "";
				INFOPLIST_FILE = AssimpSceneKit_LogicTests/Info.plist;
				LD_RUNPATH_SEARCH_PATHS = "$(inherited) @executable_path/../Frameworks @loader_path/../Frameworks";
				LIBRARY_SEARCH_PATHS = "$(PROJECT_DIR)/../Assimp/lib/osx";
				OTHER_LDFLAGS = (
					"-lz",
					"-lstdc++",
				);
				PRODUCT_BUNDLE_IDENTIFIER = "com.isonapps.AssimpSceneKit-LogicTests";
				PRODUCT_NAME = "$(TARGET_NAME)";
				USER_HEADER_SEARCH_PATHS = "$(PROJECT_DIR)/../Assimp/include";
			};
			name = Release;
		};
/* End XCBuildConfiguration section */

/* Begin XCConfigurationList section */
		77CDAA4D1DD715C300B7E342 /* Build configuration list for PBXProject "OSX-Example" */ = {
			isa = XCConfigurationList;
			buildConfigurations = (
				77CDAA611DD715C300B7E342 /* Debug */,
				77CDAA621DD715C300B7E342 /* Release */,
			);
			defaultConfigurationIsVisible = 0;
			defaultConfigurationName = Release;
		};
		77CDAA631DD715C300B7E342 /* Build configuration list for PBXNativeTarget "OSX-Example" */ = {
			isa = XCConfigurationList;
			buildConfigurations = (
				77CDAA641DD715C300B7E342 /* Debug */,
				77CDAA651DD715C300B7E342 /* Release */,
			);
			defaultConfigurationIsVisible = 0;
			defaultConfigurationName = Release;
		};
		77CDAA8C1DD717FE00B7E342 /* Build configuration list for PBXNativeTarget "AssimpSceneKit" */ = {
			isa = XCConfigurationList;
			buildConfigurations = (
				77CDAA8D1DD717FE00B7E342 /* Debug */,
				77CDAA8E1DD717FE00B7E342 /* Release */,
			);
			defaultConfigurationIsVisible = 0;
			defaultConfigurationName = Release;
		};
		77CDAB1F1DD733E800B7E342 /* Build configuration list for PBXNativeTarget "AssimpSceneKit_LogicTests" */ = {
			isa = XCConfigurationList;
			buildConfigurations = (
				77CDAB201DD733E800B7E342 /* Debug */,
				77CDAB211DD733E800B7E342 /* Release */,
			);
			defaultConfigurationIsVisible = 0;
		};
/* End XCConfigurationList section */
	};
	rootObject = 77CDAA4A1DD715C300B7E342 /* Project object */;
}
