// !$*UTF8*$!
{
	archiveVersion = 1;
	classes = {
	};
	objectVersion = 46;
	objects = {

/* Begin PBXBuildFile section */
		77CDAB3F1DD7421500B7E342 /* main.m in Sources */ = {isa = PBXBuildFile; fileRef = 77CDAB3E1DD7421500B7E342 /* main.m */; };
		77CDAB421DD7421500B7E342 /* AppDelegate.m in Sources */ = {isa = PBXBuildFile; fileRef = 77CDAB411DD7421500B7E342 /* AppDelegate.m */; };
		77CDAB441DD7421500B7E342 /* art.scnassets in Resources */ = {isa = PBXBuildFile; fileRef = 77CDAB431DD7421500B7E342 /* art.scnassets */; };
		77CDAB471DD7421500B7E342 /* GameViewController.m in Sources */ = {isa = PBXBuildFile; fileRef = 77CDAB461DD7421500B7E342 /* GameViewController.m */; };
		77CDAB4A1DD7421500B7E342 /* Main.storyboard in Resources */ = {isa = PBXBuildFile; fileRef = 77CDAB481DD7421500B7E342 /* Main.storyboard */; };
		77CDAB4C1DD7421500B7E342 /* Assets.xcassets in Resources */ = {isa = PBXBuildFile; fileRef = 77CDAB4B1DD7421500B7E342 /* Assets.xcassets */; };
		77CDAB4F1DD7421600B7E342 /* LaunchScreen.storyboard in Resources */ = {isa = PBXBuildFile; fileRef = 77CDAB4D1DD7421600B7E342 /* LaunchScreen.storyboard */; };
		77CDAB6B1DD7429900B7E342 /* AssimpImporter.m in Sources */ = {isa = PBXBuildFile; fileRef = 77CDAB641DD7429900B7E342 /* AssimpImporter.m */; };
		77CDAB6C1DD7429900B7E342 /* SCNAssimpAnimation.m in Sources */ = {isa = PBXBuildFile; fileRef = 77CDAB661DD7429900B7E342 /* SCNAssimpAnimation.m */; };
		77CDAB6D1DD7429900B7E342 /* SCNAssimpScene.m in Sources */ = {isa = PBXBuildFile; fileRef = 77CDAB681DD7429900B7E342 /* SCNAssimpScene.m */; };
		77CDAB6E1DD7429900B7E342 /* SCNScene+AssimpImport.m in Sources */ = {isa = PBXBuildFile; fileRef = 77CDAB6A1DD7429900B7E342 /* SCNScene+AssimpImport.m */; };
		77CDAB711DD743B100B7E342 /* libassimp-fat.a in Frameworks */ = {isa = PBXBuildFile; fileRef = 77CDAB701DD743B100B7E342 /* libassimp-fat.a */; };
		77CDAB741DD7447B00B7E342 /* libAssimpSceneKit.a in Frameworks */ = {isa = PBXBuildFile; fileRef = 77CDAB5A1DD7428900B7E342 /* libAssimpSceneKit.a */; };
		77CDAB7E1DD745D800B7E342 /* libAssimpSceneKit.a in Frameworks */ = {isa = PBXBuildFile; fileRef = 77CDAB5A1DD7428900B7E342 /* libAssimpSceneKit.a */; };
		77CDAB881DD745EA00B7E342 /* ModelLog.m in Sources */ = {isa = PBXBuildFile; fileRef = 77CDAB861DD745EA00B7E342 /* ModelLog.m */; };
		77CDAB891DD7486800B7E342 /* libassimp-fat.a in Frameworks */ = {isa = PBXBuildFile; fileRef = 77CDAB701DD743B100B7E342 /* libassimp-fat.a */; };
		77CDAB8B1DD749CB00B7E342 /* AssimpImporterTests.m in Sources */ = {isa = PBXBuildFile; fileRef = 77CDAB8A1DD749CB00B7E342 /* AssimpImporterTests.m */; };
/* End PBXBuildFile section */

/* Begin PBXContainerItemProxy section */
		77CDAB721DD7447600B7E342 /* PBXContainerItemProxy */ = {
			isa = PBXContainerItemProxy;
			containerPortal = 77CDAB321DD7421500B7E342 /* Project object */;
			proxyType = 1;
			remoteGlobalIDString = 77CDAB591DD7428900B7E342;
			remoteInfo = AssimpSceneKit;
		};
		77CDAB7F1DD745D800B7E342 /* PBXContainerItemProxy */ = {
			isa = PBXContainerItemProxy;
			containerPortal = 77CDAB321DD7421500B7E342 /* Project object */;
			proxyType = 1;
			remoteGlobalIDString = 77CDAB591DD7428900B7E342;
			remoteInfo = AssimpSceneKit;
		};
/* End PBXContainerItemProxy section */

/* Begin PBXCopyFilesBuildPhase section */
		77CDAB581DD7428900B7E342 /* CopyFiles */ = {
			isa = PBXCopyFilesBuildPhase;
			buildActionMask = 2147483647;
			dstPath = "include/$(PRODUCT_NAME)";
			dstSubfolderSpec = 16;
			files = (
			);
			runOnlyForDeploymentPostprocessing = 0;
		};
/* End PBXCopyFilesBuildPhase section */

/* Begin PBXFileReference section */
		77CDAB3A1DD7421500B7E342 /* iOS-Example.app */ = {isa = PBXFileReference; explicitFileType = wrapper.application; includeInIndex = 0; path = "iOS-Example.app"; sourceTree = BUILT_PRODUCTS_DIR; };
		77CDAB3E1DD7421500B7E342 /* main.m */ = {isa = PBXFileReference; lastKnownFileType = sourcecode.c.objc; path = main.m; sourceTree = "<group>"; };
		77CDAB401DD7421500B7E342 /* AppDelegate.h */ = {isa = PBXFileReference; lastKnownFileType = sourcecode.c.h; path = AppDelegate.h; sourceTree = "<group>"; };
		77CDAB411DD7421500B7E342 /* AppDelegate.m */ = {isa = PBXFileReference; lastKnownFileType = sourcecode.c.objc; path = AppDelegate.m; sourceTree = "<group>"; };
		77CDAB431DD7421500B7E342 /* art.scnassets */ = {isa = PBXFileReference; lastKnownFileType = wrapper.scnassets; path = art.scnassets; sourceTree = "<group>"; };
		77CDAB451DD7421500B7E342 /* GameViewController.h */ = {isa = PBXFileReference; lastKnownFileType = sourcecode.c.h; path = GameViewController.h; sourceTree = "<group>"; };
		77CDAB461DD7421500B7E342 /* GameViewController.m */ = {isa = PBXFileReference; lastKnownFileType = sourcecode.c.objc; path = GameViewController.m; sourceTree = "<group>"; };
		77CDAB491DD7421500B7E342 /* Base */ = {isa = PBXFileReference; lastKnownFileType = file.storyboard; name = Base; path = Base.lproj/Main.storyboard; sourceTree = "<group>"; };
		77CDAB4B1DD7421500B7E342 /* Assets.xcassets */ = {isa = PBXFileReference; lastKnownFileType = folder.assetcatalog; path = Assets.xcassets; sourceTree = "<group>"; };
		77CDAB4E1DD7421600B7E342 /* Base */ = {isa = PBXFileReference; lastKnownFileType = file.storyboard; name = Base; path = Base.lproj/LaunchScreen.storyboard; sourceTree = "<group>"; };
		77CDAB501DD7421600B7E342 /* Info.plist */ = {isa = PBXFileReference; lastKnownFileType = text.plist.xml; path = Info.plist; sourceTree = "<group>"; };
		77CDAB5A1DD7428900B7E342 /* libAssimpSceneKit.a */ = {isa = PBXFileReference; explicitFileType = archive.ar; includeInIndex = 0; path = libAssimpSceneKit.a; sourceTree = BUILT_PRODUCTS_DIR; };
		77CDAB631DD7429900B7E342 /* AssimpImporter.h */ = {isa = PBXFileReference; fileEncoding = 4; lastKnownFileType = sourcecode.c.h; name = AssimpImporter.h; path = ../../Code/Model/AssimpImporter.h; sourceTree = "<group>"; };
		77CDAB641DD7429900B7E342 /* AssimpImporter.m */ = {isa = PBXFileReference; fileEncoding = 4; lastKnownFileType = sourcecode.c.objc; name = AssimpImporter.m; path = ../../Code/Model/AssimpImporter.m; sourceTree = "<group>"; };
		77CDAB651DD7429900B7E342 /* SCNAssimpAnimation.h */ = {isa = PBXFileReference; fileEncoding = 4; lastKnownFileType = sourcecode.c.h; name = SCNAssimpAnimation.h; path = ../../Code/Model/SCNAssimpAnimation.h; sourceTree = "<group>"; };
		77CDAB661DD7429900B7E342 /* SCNAssimpAnimation.m */ = {isa = PBXFileReference; fileEncoding = 4; lastKnownFileType = sourcecode.c.objc; name = SCNAssimpAnimation.m; path = ../../Code/Model/SCNAssimpAnimation.m; sourceTree = "<group>"; };
		77CDAB671DD7429900B7E342 /* SCNAssimpScene.h */ = {isa = PBXFileReference; fileEncoding = 4; lastKnownFileType = sourcecode.c.h; name = SCNAssimpScene.h; path = ../../Code/Model/SCNAssimpScene.h; sourceTree = "<group>"; };
		77CDAB681DD7429900B7E342 /* SCNAssimpScene.m */ = {isa = PBXFileReference; fileEncoding = 4; lastKnownFileType = sourcecode.c.objc; name = SCNAssimpScene.m; path = ../../Code/Model/SCNAssimpScene.m; sourceTree = "<group>"; };
		77CDAB691DD7429900B7E342 /* SCNScene+AssimpImport.h */ = {isa = PBXFileReference; fileEncoding = 4; lastKnownFileType = sourcecode.c.h; name = "SCNScene+AssimpImport.h"; path = "../../Code/Model/SCNScene+AssimpImport.h"; sourceTree = "<group>"; };
		77CDAB6A1DD7429900B7E342 /* SCNScene+AssimpImport.m */ = {isa = PBXFileReference; fileEncoding = 4; lastKnownFileType = sourcecode.c.objc; name = "SCNScene+AssimpImport.m"; path = "../../Code/Model/SCNScene+AssimpImport.m"; sourceTree = "<group>"; };
		77CDAB701DD743B100B7E342 /* libassimp-fat.a */ = {isa = PBXFileReference; lastKnownFileType = archive.ar; name = "libassimp-fat.a"; path = "../Assimp/lib/ios/libassimp-fat.a"; sourceTree = "<group>"; };
		77CDAB791DD745D800B7E342 /* AssimpSceneKit_LogicTests.xctest */ = {isa = PBXFileReference; explicitFileType = wrapper.cfbundle; includeInIndex = 0; path = AssimpSceneKit_LogicTests.xctest; sourceTree = BUILT_PRODUCTS_DIR; };
		77CDAB7D1DD745D800B7E342 /* Info.plist */ = {isa = PBXFileReference; lastKnownFileType = text.plist.xml; path = Info.plist; sourceTree = "<group>"; };
		77CDAB851DD745EA00B7E342 /* ModelLog.h */ = {isa = PBXFileReference; fileEncoding = 4; lastKnownFileType = sourcecode.c.h; name = ModelLog.h; path = ../../Code/Model/Tests/ModelLog.h; sourceTree = "<group>"; };
		77CDAB861DD745EA00B7E342 /* ModelLog.m */ = {isa = PBXFileReference; fileEncoding = 4; lastKnownFileType = sourcecode.c.objc; name = ModelLog.m; path = ../../Code/Model/Tests/ModelLog.m; sourceTree = "<group>"; };
		77CDAB8A1DD749CB00B7E342 /* AssimpImporterTests.m */ = {isa = PBXFileReference; fileEncoding = 4; lastKnownFileType = sourcecode.c.objc; name = AssimpImporterTests.m; path = ../../Code/Model/Tests/AssimpImporterTests.m; sourceTree = "<group>"; };
/* End PBXFileReference section */

/* Begin PBXFrameworksBuildPhase section */
		77CDAB371DD7421500B7E342 /* Frameworks */ = {
			isa = PBXFrameworksBuildPhase;
			buildActionMask = 2147483647;
			files = (
				77CDAB711DD743B100B7E342 /* libassimp-fat.a in Frameworks */,
				77CDAB741DD7447B00B7E342 /* libAssimpSceneKit.a in Frameworks */,
			);
			runOnlyForDeploymentPostprocessing = 0;
		};
		77CDAB571DD7428900B7E342 /* Frameworks */ = {
			isa = PBXFrameworksBuildPhase;
			buildActionMask = 2147483647;
			files = (
			);
			runOnlyForDeploymentPostprocessing = 0;
		};
		77CDAB761DD745D800B7E342 /* Frameworks */ = {
			isa = PBXFrameworksBuildPhase;
			buildActionMask = 2147483647;
			files = (
				77CDAB7E1DD745D800B7E342 /* libAssimpSceneKit.a in Frameworks */,
				77CDAB891DD7486800B7E342 /* libassimp-fat.a in Frameworks */,
			);
			runOnlyForDeploymentPostprocessing = 0;
		};
/* End PBXFrameworksBuildPhase section */

/* Begin PBXGroup section */
		77CDAB311DD7421500B7E342 = {
			isa = PBXGroup;
			children = (
				77CDAB3C1DD7421500B7E342 /* iOS-Example */,
				77CDAB5B1DD7428900B7E342 /* AssimpSceneKit */,
				77CDAB7A1DD745D800B7E342 /* AssimpSceneKit_LogicTests */,
				77CDAB3B1DD7421500B7E342 /* Products */,
				77CDAB6F1DD743B100B7E342 /* Frameworks */,
			);
			sourceTree = "<group>";
		};
		77CDAB3B1DD7421500B7E342 /* Products */ = {
			isa = PBXGroup;
			children = (
				77CDAB3A1DD7421500B7E342 /* iOS-Example.app */,
				77CDAB5A1DD7428900B7E342 /* libAssimpSceneKit.a */,
				77CDAB791DD745D800B7E342 /* AssimpSceneKit_LogicTests.xctest */,
			);
			name = Products;
			sourceTree = "<group>";
		};
		77CDAB3C1DD7421500B7E342 /* iOS-Example */ = {
			isa = PBXGroup;
			children = (
				77CDAB401DD7421500B7E342 /* AppDelegate.h */,
				77CDAB411DD7421500B7E342 /* AppDelegate.m */,
				77CDAB431DD7421500B7E342 /* art.scnassets */,
				77CDAB451DD7421500B7E342 /* GameViewController.h */,
				77CDAB461DD7421500B7E342 /* GameViewController.m */,
				77CDAB481DD7421500B7E342 /* Main.storyboard */,
				77CDAB4B1DD7421500B7E342 /* Assets.xcassets */,
				77CDAB4D1DD7421600B7E342 /* LaunchScreen.storyboard */,
				77CDAB501DD7421600B7E342 /* Info.plist */,
				77CDAB3D1DD7421500B7E342 /* Supporting Files */,
			);
			path = "iOS-Example";
			sourceTree = "<group>";
		};
		77CDAB3D1DD7421500B7E342 /* Supporting Files */ = {
			isa = PBXGroup;
			children = (
				77CDAB3E1DD7421500B7E342 /* main.m */,
			);
			name = "Supporting Files";
			sourceTree = "<group>";
		};
		77CDAB5B1DD7428900B7E342 /* AssimpSceneKit */ = {
			isa = PBXGroup;
			children = (
				77CDAB631DD7429900B7E342 /* AssimpImporter.h */,
				77CDAB641DD7429900B7E342 /* AssimpImporter.m */,
				77CDAB651DD7429900B7E342 /* SCNAssimpAnimation.h */,
				77CDAB661DD7429900B7E342 /* SCNAssimpAnimation.m */,
				77CDAB671DD7429900B7E342 /* SCNAssimpScene.h */,
				77CDAB681DD7429900B7E342 /* SCNAssimpScene.m */,
				77CDAB691DD7429900B7E342 /* SCNScene+AssimpImport.h */,
				77CDAB6A1DD7429900B7E342 /* SCNScene+AssimpImport.m */,
			);
			path = AssimpSceneKit;
			sourceTree = "<group>";
		};
		77CDAB6F1DD743B100B7E342 /* Frameworks */ = {
			isa = PBXGroup;
			children = (
				77CDAB701DD743B100B7E342 /* libassimp-fat.a */,
			);
			name = Frameworks;
			sourceTree = "<group>";
		};
		77CDAB7A1DD745D800B7E342 /* AssimpSceneKit_LogicTests */ = {
			isa = PBXGroup;
			children = (
				77CDAB8A1DD749CB00B7E342 /* AssimpImporterTests.m */,
				77CDAB851DD745EA00B7E342 /* ModelLog.h */,
				77CDAB861DD745EA00B7E342 /* ModelLog.m */,
				77CDAB7D1DD745D800B7E342 /* Info.plist */,
			);
			path = AssimpSceneKit_LogicTests;
			sourceTree = "<group>";
		};
/* End PBXGroup section */

/* Begin PBXNativeTarget section */
		77CDAB391DD7421500B7E342 /* iOS-Example */ = {
			isa = PBXNativeTarget;
			buildConfigurationList = 77CDAB531DD7421600B7E342 /* Build configuration list for PBXNativeTarget "iOS-Example" */;
			buildPhases = (
				77CDAB361DD7421500B7E342 /* Sources */,
				77CDAB371DD7421500B7E342 /* Frameworks */,
				77CDAB381DD7421500B7E342 /* Resources */,
			);
			buildRules = (
			);
			dependencies = (
				77CDAB731DD7447600B7E342 /* PBXTargetDependency */,
			);
			name = "iOS-Example";
			productName = "iOS-Example";
			productReference = 77CDAB3A1DD7421500B7E342 /* iOS-Example.app */;
			productType = "com.apple.product-type.application";
		};
		77CDAB591DD7428900B7E342 /* AssimpSceneKit */ = {
			isa = PBXNativeTarget;
			buildConfigurationList = 77CDAB601DD7428900B7E342 /* Build configuration list for PBXNativeTarget "AssimpSceneKit" */;
			buildPhases = (
				77CDAB561DD7428900B7E342 /* Sources */,
				77CDAB571DD7428900B7E342 /* Frameworks */,
				77CDAB581DD7428900B7E342 /* CopyFiles */,
			);
			buildRules = (
			);
			dependencies = (
			);
			name = AssimpSceneKit;
			productName = AssimpSceneKit;
			productReference = 77CDAB5A1DD7428900B7E342 /* libAssimpSceneKit.a */;
			productType = "com.apple.product-type.library.static";
		};
		77CDAB781DD745D800B7E342 /* AssimpSceneKit_LogicTests */ = {
			isa = PBXNativeTarget;
			buildConfigurationList = 77CDAB811DD745D800B7E342 /* Build configuration list for PBXNativeTarget "AssimpSceneKit_LogicTests" */;
			buildPhases = (
				77CDAB751DD745D800B7E342 /* Sources */,
				77CDAB761DD745D800B7E342 /* Frameworks */,
				77CDAB771DD745D800B7E342 /* Resources */,
			);
			buildRules = (
			);
			dependencies = (
				77CDAB801DD745D800B7E342 /* PBXTargetDependency */,
			);
			name = AssimpSceneKit_LogicTests;
			productName = AssimpSceneKit_LogicTests;
			productReference = 77CDAB791DD745D800B7E342 /* AssimpSceneKit_LogicTests.xctest */;
			productType = "com.apple.product-type.bundle.unit-test";
		};
/* End PBXNativeTarget section */

/* Begin PBXProject section */
		77CDAB321DD7421500B7E342 /* Project object */ = {
			isa = PBXProject;
			attributes = {
				LastUpgradeCheck = 0810;
				ORGANIZATIONNAME = "Ison Apps";
				TargetAttributes = {
					77CDAB391DD7421500B7E342 = {
						CreatedOnToolsVersion = 8.1;
						DevelopmentTeam = PRJ5CHFB5D;
						ProvisioningStyle = Automatic;
					};
					77CDAB591DD7428900B7E342 = {
						CreatedOnToolsVersion = 8.1;
						DevelopmentTeam = PRJ5CHFB5D;
						ProvisioningStyle = Automatic;
					};
					77CDAB781DD745D800B7E342 = {
						CreatedOnToolsVersion = 8.1;
						DevelopmentTeam = PRJ5CHFB5D;
						ProvisioningStyle = Automatic;
					};
				};
			};
			buildConfigurationList = 77CDAB351DD7421500B7E342 /* Build configuration list for PBXProject "iOS-Example" */;
			compatibilityVersion = "Xcode 3.2";
			developmentRegion = English;
			hasScannedForEncodings = 0;
			knownRegions = (
				en,
				Base,
			);
			mainGroup = 77CDAB311DD7421500B7E342;
			productRefGroup = 77CDAB3B1DD7421500B7E342 /* Products */;
			projectDirPath = "";
			projectRoot = "";
			targets = (
				77CDAB391DD7421500B7E342 /* iOS-Example */,
				77CDAB591DD7428900B7E342 /* AssimpSceneKit */,
				77CDAB781DD745D800B7E342 /* AssimpSceneKit_LogicTests */,
			);
		};
/* End PBXProject section */

/* Begin PBXResourcesBuildPhase section */
		77CDAB381DD7421500B7E342 /* Resources */ = {
			isa = PBXResourcesBuildPhase;
			buildActionMask = 2147483647;
			files = (
				77CDAB441DD7421500B7E342 /* art.scnassets in Resources */,
				77CDAB4F1DD7421600B7E342 /* LaunchScreen.storyboard in Resources */,
				77CDAB4C1DD7421500B7E342 /* Assets.xcassets in Resources */,
				77CDAB4A1DD7421500B7E342 /* Main.storyboard in Resources */,
			);
			runOnlyForDeploymentPostprocessing = 0;
		};
		77CDAB771DD745D800B7E342 /* Resources */ = {
			isa = PBXResourcesBuildPhase;
			buildActionMask = 2147483647;
			files = (
			);
			runOnlyForDeploymentPostprocessing = 0;
		};
/* End PBXResourcesBuildPhase section */

/* Begin PBXSourcesBuildPhase section */
		77CDAB361DD7421500B7E342 /* Sources */ = {
			isa = PBXSourcesBuildPhase;
			buildActionMask = 2147483647;
			files = (
				77CDAB421DD7421500B7E342 /* AppDelegate.m in Sources */,
				77CDAB471DD7421500B7E342 /* GameViewController.m in Sources */,
				77CDAB3F1DD7421500B7E342 /* main.m in Sources */,
			);
			runOnlyForDeploymentPostprocessing = 0;
		};
		77CDAB561DD7428900B7E342 /* Sources */ = {
			isa = PBXSourcesBuildPhase;
			buildActionMask = 2147483647;
			files = (
				77CDAB6B1DD7429900B7E342 /* AssimpImporter.m in Sources */,
				77CDAB6D1DD7429900B7E342 /* SCNAssimpScene.m in Sources */,
				77CDAB6C1DD7429900B7E342 /* SCNAssimpAnimation.m in Sources */,
				77CDAB6E1DD7429900B7E342 /* SCNScene+AssimpImport.m in Sources */,
			);
			runOnlyForDeploymentPostprocessing = 0;
		};
		77CDAB751DD745D800B7E342 /* Sources */ = {
			isa = PBXSourcesBuildPhase;
			buildActionMask = 2147483647;
			files = (
				77CDAB881DD745EA00B7E342 /* ModelLog.m in Sources */,
				77CDAB8B1DD749CB00B7E342 /* AssimpImporterTests.m in Sources */,
			);
			runOnlyForDeploymentPostprocessing = 0;
		};
/* End PBXSourcesBuildPhase section */

/* Begin PBXTargetDependency section */
		77CDAB731DD7447600B7E342 /* PBXTargetDependency */ = {
			isa = PBXTargetDependency;
			target = 77CDAB591DD7428900B7E342 /* AssimpSceneKit */;
			targetProxy = 77CDAB721DD7447600B7E342 /* PBXContainerItemProxy */;
		};
		77CDAB801DD745D800B7E342 /* PBXTargetDependency */ = {
			isa = PBXTargetDependency;
			target = 77CDAB591DD7428900B7E342 /* AssimpSceneKit */;
			targetProxy = 77CDAB7F1DD745D800B7E342 /* PBXContainerItemProxy */;
		};
/* End PBXTargetDependency section */

/* Begin PBXVariantGroup section */
		77CDAB481DD7421500B7E342 /* Main.storyboard */ = {
			isa = PBXVariantGroup;
			children = (
				77CDAB491DD7421500B7E342 /* Base */,
			);
			name = Main.storyboard;
			sourceTree = "<group>";
		};
		77CDAB4D1DD7421600B7E342 /* LaunchScreen.storyboard */ = {
			isa = PBXVariantGroup;
			children = (
				77CDAB4E1DD7421600B7E342 /* Base */,
			);
			name = LaunchScreen.storyboard;
			sourceTree = "<group>";
		};
/* End PBXVariantGroup section */

/* Begin XCBuildConfiguration section */
		77CDAB511DD7421600B7E342 /* Debug */ = {
			isa = XCBuildConfiguration;
			buildSettings = {
				ALWAYS_SEARCH_USER_PATHS = NO;
				CLANG_ANALYZER_NONNULL = YES;
				CLANG_CXX_LANGUAGE_STANDARD = "gnu++0x";
				CLANG_CXX_LIBRARY = "libc++";
				CLANG_ENABLE_MODULES = YES;
				CLANG_ENABLE_OBJC_ARC = YES;
				CLANG_WARN_BOOL_CONVERSION = YES;
				CLANG_WARN_CONSTANT_CONVERSION = YES;
				CLANG_WARN_DIRECT_OBJC_ISA_USAGE = YES_ERROR;
				CLANG_WARN_DOCUMENTATION_COMMENTS = YES;
				CLANG_WARN_EMPTY_BODY = YES;
				CLANG_WARN_ENUM_CONVERSION = YES;
				CLANG_WARN_INFINITE_RECURSION = YES;
				CLANG_WARN_INT_CONVERSION = YES;
				CLANG_WARN_OBJC_ROOT_CLASS = YES_ERROR;
				CLANG_WARN_SUSPICIOUS_MOVES = YES;
				CLANG_WARN_UNREACHABLE_CODE = YES;
				CLANG_WARN__DUPLICATE_METHOD_MATCH = YES;
				"CODE_SIGN_IDENTITY[sdk=iphoneos*]" = "iPhone Developer";
				COPY_PHASE_STRIP = NO;
				DEBUG_INFORMATION_FORMAT = dwarf;
				ENABLE_STRICT_OBJC_MSGSEND = YES;
				ENABLE_TESTABILITY = YES;
				GCC_C_LANGUAGE_STANDARD = gnu99;
				GCC_DYNAMIC_NO_PIC = NO;
				GCC_NO_COMMON_BLOCKS = YES;
				GCC_OPTIMIZATION_LEVEL = 0;
				GCC_PREPROCESSOR_DEFINITIONS = (
					"DEBUG=1",
					"$(inherited)",
				);
				GCC_WARN_64_TO_32_BIT_CONVERSION = YES;
				GCC_WARN_ABOUT_RETURN_TYPE = YES_ERROR;
				GCC_WARN_UNDECLARED_SELECTOR = YES;
				GCC_WARN_UNINITIALIZED_AUTOS = YES_AGGRESSIVE;
				GCC_WARN_UNUSED_FUNCTION = YES;
				GCC_WARN_UNUSED_VARIABLE = YES;
				IPHONEOS_DEPLOYMENT_TARGET = 10.0;
				MTL_ENABLE_DEBUG_INFO = YES;
				ONLY_ACTIVE_ARCH = YES;
				SDKROOT = iphoneos;
				TARGETED_DEVICE_FAMILY = "1,2";
			};
			name = Debug;
		};
		77CDAB521DD7421600B7E342 /* Release */ = {
			isa = XCBuildConfiguration;
			buildSettings = {
				ALWAYS_SEARCH_USER_PATHS = NO;
				CLANG_ANALYZER_NONNULL = YES;
				CLANG_CXX_LANGUAGE_STANDARD = "gnu++0x";
				CLANG_CXX_LIBRARY = "libc++";
				CLANG_ENABLE_MODULES = YES;
				CLANG_ENABLE_OBJC_ARC = YES;
				CLANG_WARN_BOOL_CONVERSION = YES;
				CLANG_WARN_CONSTANT_CONVERSION = YES;
				CLANG_WARN_DIRECT_OBJC_ISA_USAGE = YES_ERROR;
				CLANG_WARN_DOCUMENTATION_COMMENTS = YES;
				CLANG_WARN_EMPTY_BODY = YES;
				CLANG_WARN_ENUM_CONVERSION = YES;
				CLANG_WARN_INFINITE_RECURSION = YES;
				CLANG_WARN_INT_CONVERSION = YES;
				CLANG_WARN_OBJC_ROOT_CLASS = YES_ERROR;
				CLANG_WARN_SUSPICIOUS_MOVES = YES;
				CLANG_WARN_UNREACHABLE_CODE = YES;
				CLANG_WARN__DUPLICATE_METHOD_MATCH = YES;
				"CODE_SIGN_IDENTITY[sdk=iphoneos*]" = "iPhone Developer";
				COPY_PHASE_STRIP = NO;
				DEBUG_INFORMATION_FORMAT = "dwarf-with-dsym";
				ENABLE_NS_ASSERTIONS = NO;
				ENABLE_STRICT_OBJC_MSGSEND = YES;
				GCC_C_LANGUAGE_STANDARD = gnu99;
				GCC_NO_COMMON_BLOCKS = YES;
				GCC_WARN_64_TO_32_BIT_CONVERSION = YES;
				GCC_WARN_ABOUT_RETURN_TYPE = YES_ERROR;
				GCC_WARN_UNDECLARED_SELECTOR = YES;
				GCC_WARN_UNINITIALIZED_AUTOS = YES_AGGRESSIVE;
				GCC_WARN_UNUSED_FUNCTION = YES;
				GCC_WARN_UNUSED_VARIABLE = YES;
				IPHONEOS_DEPLOYMENT_TARGET = 10.0;
				MTL_ENABLE_DEBUG_INFO = NO;
				SDKROOT = iphoneos;
				TARGETED_DEVICE_FAMILY = "1,2";
				VALIDATE_PRODUCT = YES;
			};
			name = Release;
		};
		77CDAB541DD7421600B7E342 /* Debug */ = {
			isa = XCBuildConfiguration;
			buildSettings = {
				ASSETCATALOG_COMPILER_APPICON_NAME = AppIcon;
				DEVELOPMENT_TEAM = PRJ5CHFB5D;
				ENABLE_BITCODE = NO;
				INFOPLIST_FILE = "iOS-Example/Info.plist";
				IPHONEOS_DEPLOYMENT_TARGET = 10.0;
				LD_RUNPATH_SEARCH_PATHS = "$(inherited) @executable_path/Frameworks";
				LIBRARY_SEARCH_PATHS = "$(PROJECT_DIR)/../Assimp/lib/ios";
				OTHER_LDFLAGS = (
					"-lz",
					"-lstdc++",
					"-ObjC",
					"-all_load",
				);
				PRODUCT_BUNDLE_IDENTIFIER = "com.isonapps.iOS-Example";
				PRODUCT_NAME = "$(TARGET_NAME)";
				USER_HEADER_SEARCH_PATHS = "$(PROJECT_DIR)/../Assimp/include";
			};
			name = Debug;
		};
		77CDAB551DD7421600B7E342 /* Release */ = {
			isa = XCBuildConfiguration;
			buildSettings = {
				ASSETCATALOG_COMPILER_APPICON_NAME = AppIcon;
				DEVELOPMENT_TEAM = PRJ5CHFB5D;
				ENABLE_BITCODE = NO;
				INFOPLIST_FILE = "iOS-Example/Info.plist";
				IPHONEOS_DEPLOYMENT_TARGET = 10.0;
				LD_RUNPATH_SEARCH_PATHS = "$(inherited) @executable_path/Frameworks";
				LIBRARY_SEARCH_PATHS = "$(PROJECT_DIR)/../Assimp/lib/ios";
				OTHER_LDFLAGS = (
					"-lz",
					"-lstdc++",
					"-ObjC",
					"-all_load",
				);
				PRODUCT_BUNDLE_IDENTIFIER = "com.isonapps.iOS-Example";
				PRODUCT_NAME = "$(TARGET_NAME)";
				USER_HEADER_SEARCH_PATHS = "$(PROJECT_DIR)/../Assimp/include";
			};
			name = Release;
		};
		77CDAB611DD7428900B7E342 /* Debug */ = {
			isa = XCBuildConfiguration;
			buildSettings = {
				DEVELOPMENT_TEAM = PRJ5CHFB5D;
				ENABLE_BITCODE = NO;
				GCC_PRECOMPILE_PREFIX_HEADER = YES;
				GCC_PREFIX_HEADER = "$(PROJECT_DIR)/../Code/Model/AssimpSceneKit-Prefix.pch";
				IPHONEOS_DEPLOYMENT_TARGET = 10.0;
				LIBRARY_SEARCH_PATHS = "$(PROJECT_DIR)/../Assimp/lib/ios";
				OTHER_LDFLAGS = "-ObjC";
				PRODUCT_NAME = "$(TARGET_NAME)";
				SKIP_INSTALL = YES;
				USER_HEADER_SEARCH_PATHS = "$(PROJECT_DIR)/../Assimp/include";
			};
			name = Debug;
		};
		77CDAB621DD7428900B7E342 /* Release */ = {
			isa = XCBuildConfiguration;
			buildSettings = {
				DEVELOPMENT_TEAM = PRJ5CHFB5D;
				ENABLE_BITCODE = NO;
				GCC_PRECOMPILE_PREFIX_HEADER = YES;
				GCC_PREFIX_HEADER = "$(PROJECT_DIR)/../Code/Model/AssimpSceneKit-Prefix.pch";
				IPHONEOS_DEPLOYMENT_TARGET = 10.0;
				LIBRARY_SEARCH_PATHS = "$(PROJECT_DIR)/../Assimp/lib/ios";
				OTHER_LDFLAGS = "-ObjC";
				PRODUCT_NAME = "$(TARGET_NAME)";
				SKIP_INSTALL = YES;
				USER_HEADER_SEARCH_PATHS = "$(PROJECT_DIR)/../Assimp/include";
			};
			name = Release;
		};
		77CDAB821DD745D800B7E342 /* Debug */ = {
			isa = XCBuildConfiguration;
			buildSettings = {
				DEVELOPMENT_TEAM = PRJ5CHFB5D;
				GCC_PREPROCESSOR_DEFINITIONS = (
					"DEBUG=1",
					"$(inherited)",
					"TEST_ASSETS_PATH=@\\\"$(PROJECT_DIR)/../assets\\\"",
				);
				INFOPLIST_FILE = AssimpSceneKit_LogicTests/Info.plist;
				LD_RUNPATH_SEARCH_PATHS = "$(inherited) @executable_path/Frameworks @loader_path/Frameworks";
				LIBRARY_SEARCH_PATHS = "$(PROJECT_DIR)/../Assimp/lib/ios";
				OTHER_LDFLAGS = (
					"-lz",
					"-lstdc++",
				);
				PRODUCT_BUNDLE_IDENTIFIER = "com.isonapps.AssimpSceneKit-LogicTests";
				PRODUCT_NAME = "$(TARGET_NAME)";
				USER_HEADER_SEARCH_PATHS = "$(PROJECT_DIR)/../Assimp/include";
				VALID_ARCHS = "arm64 armv7";
			};
			name = Debug;
		};
		77CDAB831DD745D800B7E342 /* Release */ = {
			isa = XCBuildConfiguration;
			buildSettings = {
				DEVELOPMENT_TEAM = PRJ5CHFB5D;
				INFOPLIST_FILE = AssimpSceneKit_LogicTests/Info.plist;
				LD_RUNPATH_SEARCH_PATHS = "$(inherited) @executable_path/Frameworks @loader_path/Frameworks";
				LIBRARY_SEARCH_PATHS = "$(PROJECT_DIR)/../Assimp/lib/ios";
				OTHER_LDFLAGS = (
					"-lz",
					"-lstdc++",
				);
				PRODUCT_BUNDLE_IDENTIFIER = "com.isonapps.AssimpSceneKit-LogicTests";
				PRODUCT_NAME = "$(TARGET_NAME)";
				USER_HEADER_SEARCH_PATHS = "$(PROJECT_DIR)/../Assimp/include";
				VALID_ARCHS = "arm64 armv7";
			};
			name = Release;
		};
/* End XCBuildConfiguration section */

/* Begin XCConfigurationList section */
		77CDAB351DD7421500B7E342 /* Build configuration list for PBXProject "iOS-Example" */ = {
			isa = XCConfigurationList;
			buildConfigurations = (
				77CDAB511DD7421600B7E342 /* Debug */,
				77CDAB521DD7421600B7E342 /* Release */,
			);
			defaultConfigurationIsVisible = 0;
			defaultConfigurationName = Release;
		};
		77CDAB531DD7421600B7E342 /* Build configuration list for PBXNativeTarget "iOS-Example" */ = {
			isa = XCConfigurationList;
			buildConfigurations = (
				77CDAB541DD7421600B7E342 /* Debug */,
				77CDAB551DD7421600B7E342 /* Release */,
			);
			defaultConfigurationIsVisible = 0;
			defaultConfigurationName = Release;
		};
		77CDAB601DD7428900B7E342 /* Build configuration list for PBXNativeTarget "AssimpSceneKit" */ = {
			isa = XCConfigurationList;
			buildConfigurations = (
				77CDAB611DD7428900B7E342 /* Debug */,
				77CDAB621DD7428900B7E342 /* Release */,
			);
			defaultConfigurationIsVisible = 0;
			defaultConfigurationName = Release;
		};
		77CDAB811DD745D800B7E342 /* Build configuration list for PBXNativeTarget "AssimpSceneKit_LogicTests" */ = {
			isa = XCConfigurationList;
			buildConfigurations = (
				77CDAB821DD745D800B7E342 /* Debug */,
				77CDAB831DD745D800B7E342 /* Release */,
			);
			defaultConfigurationIsVisible = 0;
			defaultConfigurationName = Release;
		};
/* End XCConfigurationList section */
	};
	rootObject = 77CDAB321DD7421500B7E342 /* Project object */;
}
